// !$*UTF8*$!
{
	archiveVersion = 1;
	classes = {
	};
	objectVersion = 46;
	objects = {

/* Begin PBXBuildFile section */
		48240AB7482D5D66B5AFDE0F /* Pods_HNCalendarView.framework in Frameworks */ = {isa = PBXBuildFile; fileRef = 2375E6DD82C012CCF0202480 /* Pods_HNCalendarView.framework */; };
		D10E66CF1CB7FB8D0098E36B /* HNWeekItem.swift in Sources */ = {isa = PBXBuildFile; fileRef = D10E66CE1CB7FB8D0098E36B /* HNWeekItem.swift */; };
		D10E66D11CB7FB9B0098E36B /* HNDateItem.swift in Sources */ = {isa = PBXBuildFile; fileRef = D10E66D01CB7FB9B0098E36B /* HNDateItem.swift */; };
		D10E66D31CB7FBAF0098E36B /* HNWeekItem.xib in Resources */ = {isa = PBXBuildFile; fileRef = D10E66D21CB7FBAF0098E36B /* HNWeekItem.xib */; };
		D10E66D51CB7FBBB0098E36B /* HNDateItem.xib in Resources */ = {isa = PBXBuildFile; fileRef = D10E66D41CB7FBBB0098E36B /* HNDateItem.xib */; };
		D1268A401CB557850040BC4D /* HNCalendarView.xib in Resources */ = {isa = PBXBuildFile; fileRef = D1268A3F1CB557850040BC4D /* HNCalendarView.xib */; };
		D12B26CC1CB2BAA000826C42 /* AppDelegate.swift in Sources */ = {isa = PBXBuildFile; fileRef = D12B26CB1CB2BAA000826C42 /* AppDelegate.swift */; };
		D12B26CE1CB2BAA000826C42 /* ViewController.swift in Sources */ = {isa = PBXBuildFile; fileRef = D12B26CD1CB2BAA000826C42 /* ViewController.swift */; };
		D12B26D01CB2BAA100826C42 /* Assets.xcassets in Resources */ = {isa = PBXBuildFile; fileRef = D12B26CF1CB2BAA100826C42 /* Assets.xcassets */; };
		D12B26D31CB2BAA100826C42 /* Main.storyboard in Resources */ = {isa = PBXBuildFile; fileRef = D12B26D11CB2BAA100826C42 /* Main.storyboard */; };
		D12B26DE1CB2BAA100826C42 /* HNCalendarViewTests.swift in Sources */ = {isa = PBXBuildFile; fileRef = D12B26DD1CB2BAA100826C42 /* HNCalendarViewTests.swift */; };
		D12B26E91CB2BAA100826C42 /* HNCalendarViewUITests.swift in Sources */ = {isa = PBXBuildFile; fileRef = D12B26E81CB2BAA100826C42 /* HNCalendarViewUITests.swift */; };
		D135C1C21CBD400B0099103F /* HNDateItemView.swift in Sources */ = {isa = PBXBuildFile; fileRef = D135C1C11CBD400A0099103F /* HNDateItemView.swift */; };
		D1477CD61CB4096200E64DDE /* HNCalendarView.swift in Sources */ = {isa = PBXBuildFile; fileRef = D1477CD51CB4096200E64DDE /* HNCalendarView.swift */; };
		D14DCAC71D2C0257002060AB /* HNCalendarView-OSX.h in Headers */ = {isa = PBXBuildFile; fileRef = D14DCAC61D2C0257002060AB /* HNCalendarView-OSX.h */; settings = {ATTRIBUTES = (Public, ); }; };
		D14DCACB1D2C0257002060AB /* HNCalendarView.framework in Frameworks */ = {isa = PBXBuildFile; fileRef = D14DCAC41D2C0257002060AB /* HNCalendarView.framework */; };
		D14DCACC1D2C0257002060AB /* HNCalendarView.framework in Embed Frameworks */ = {isa = PBXBuildFile; fileRef = D14DCAC41D2C0257002060AB /* HNCalendarView.framework */; settings = {ATTRIBUTES = (CodeSignOnCopy, RemoveHeadersOnCopy, ); }; };
		D16B77E01CB952BD002764D1 /* HNCalendar.swift in Sources */ = {isa = PBXBuildFile; fileRef = D16B77DF1CB952BD002764D1 /* HNCalendar.swift */; };
		D1B5F7631CB6A7CD005D4C7F /* HNMonthItem.swift in Sources */ = {isa = PBXBuildFile; fileRef = D1B5F7621CB6A7CD005D4C7F /* HNMonthItem.swift */; };
		D1B5F7661CB6A7F4005D4C7F /* HNMonthItem.xib in Resources */ = {isa = PBXBuildFile; fileRef = D1B5F7651CB6A7F4005D4C7F /* HNMonthItem.xib */; };
/* End PBXBuildFile section */

/* Begin PBXContainerItemProxy section */
		D12B26DA1CB2BAA100826C42 /* PBXContainerItemProxy */ = {
			isa = PBXContainerItemProxy;
			containerPortal = D12B26C01CB2BAA000826C42 /* Project object */;
			proxyType = 1;
			remoteGlobalIDString = D12B26C71CB2BAA000826C42;
			remoteInfo = HNCalendarView;
		};
		D12B26E51CB2BAA100826C42 /* PBXContainerItemProxy */ = {
			isa = PBXContainerItemProxy;
			containerPortal = D12B26C01CB2BAA000826C42 /* Project object */;
			proxyType = 1;
			remoteGlobalIDString = D12B26C71CB2BAA000826C42;
			remoteInfo = HNCalendarView;
		};
		D14DCAC91D2C0257002060AB /* PBXContainerItemProxy */ = {
			isa = PBXContainerItemProxy;
			containerPortal = D12B26C01CB2BAA000826C42 /* Project object */;
			proxyType = 1;
			remoteGlobalIDString = D14DCAC31D2C0257002060AB;
			remoteInfo = "HNCalendarView-OSX";
		};
/* End PBXContainerItemProxy section */

/* Begin PBXCopyFilesBuildPhase section */
		D14DCAD01D2C0257002060AB /* Embed Frameworks */ = {
			isa = PBXCopyFilesBuildPhase;
			buildActionMask = 2147483647;
			dstPath = "";
			dstSubfolderSpec = 10;
			files = (
				D14DCACC1D2C0257002060AB /* HNCalendarView.framework in Embed Frameworks */,
			);
			name = "Embed Frameworks";
			runOnlyForDeploymentPostprocessing = 0;
		};
/* End PBXCopyFilesBuildPhase section */

/* Begin PBXFileReference section */
		1974C2FF49388D979486FA0F /* Pods-HNCalendarView.debug.xcconfig */ = {isa = PBXFileReference; includeInIndex = 1; lastKnownFileType = text.xcconfig; name = "Pods-HNCalendarView.debug.xcconfig"; path = "Pods/Target Support Files/Pods-HNCalendarView/Pods-HNCalendarView.debug.xcconfig"; sourceTree = "<group>"; };
		2375E6DD82C012CCF0202480 /* Pods_HNCalendarView.framework */ = {isa = PBXFileReference; explicitFileType = wrapper.framework; includeInIndex = 0; path = Pods_HNCalendarView.framework; sourceTree = BUILT_PRODUCTS_DIR; };
		7DEEC5074387276D4263FC15 /* Pods-HNCalendarView.release.xcconfig */ = {isa = PBXFileReference; includeInIndex = 1; lastKnownFileType = text.xcconfig; name = "Pods-HNCalendarView.release.xcconfig"; path = "Pods/Target Support Files/Pods-HNCalendarView/Pods-HNCalendarView.release.xcconfig"; sourceTree = "<group>"; };
		D10E66CE1CB7FB8D0098E36B /* HNWeekItem.swift */ = {isa = PBXFileReference; fileEncoding = 4; lastKnownFileType = sourcecode.swift; name = HNWeekItem.swift; path = Views/HNWeekItem.swift; sourceTree = "<group>"; };
		D10E66D01CB7FB9B0098E36B /* HNDateItem.swift */ = {isa = PBXFileReference; fileEncoding = 4; lastKnownFileType = sourcecode.swift; name = HNDateItem.swift; path = Views/HNDateItem.swift; sourceTree = "<group>"; };
		D10E66D21CB7FBAF0098E36B /* HNWeekItem.xib */ = {isa = PBXFileReference; fileEncoding = 4; lastKnownFileType = file.xib; path = HNWeekItem.xib; sourceTree = "<group>"; };
		D10E66D41CB7FBBB0098E36B /* HNDateItem.xib */ = {isa = PBXFileReference; fileEncoding = 4; lastKnownFileType = file.xib; path = HNDateItem.xib; sourceTree = "<group>"; };
		D1268A3F1CB557850040BC4D /* HNCalendarView.xib */ = {isa = PBXFileReference; fileEncoding = 4; lastKnownFileType = file.xib; path = HNCalendarView.xib; sourceTree = "<group>"; };
		D12B26C81CB2BAA000826C42 /* HNCalendarView.app */ = {isa = PBXFileReference; explicitFileType = wrapper.application; includeInIndex = 0; path = HNCalendarView.app; sourceTree = BUILT_PRODUCTS_DIR; };
		D12B26CB1CB2BAA000826C42 /* AppDelegate.swift */ = {isa = PBXFileReference; lastKnownFileType = sourcecode.swift; path = AppDelegate.swift; sourceTree = "<group>"; };
		D12B26CD1CB2BAA000826C42 /* ViewController.swift */ = {isa = PBXFileReference; lastKnownFileType = sourcecode.swift; path = ViewController.swift; sourceTree = "<group>"; };
		D12B26CF1CB2BAA100826C42 /* Assets.xcassets */ = {isa = PBXFileReference; lastKnownFileType = folder.assetcatalog; path = Assets.xcassets; sourceTree = "<group>"; };
		D12B26D21CB2BAA100826C42 /* Base */ = {isa = PBXFileReference; lastKnownFileType = file.storyboard; name = Base; path = Base.lproj/Main.storyboard; sourceTree = "<group>"; };
		D12B26D41CB2BAA100826C42 /* Info.plist */ = {isa = PBXFileReference; lastKnownFileType = text.plist.xml; path = Info.plist; sourceTree = "<group>"; };
		D12B26D91CB2BAA100826C42 /* HNCalendarViewTests.xctest */ = {isa = PBXFileReference; explicitFileType = wrapper.cfbundle; includeInIndex = 0; path = HNCalendarViewTests.xctest; sourceTree = BUILT_PRODUCTS_DIR; };
		D12B26DD1CB2BAA100826C42 /* HNCalendarViewTests.swift */ = {isa = PBXFileReference; lastKnownFileType = sourcecode.swift; path = HNCalendarViewTests.swift; sourceTree = "<group>"; };
		D12B26DF1CB2BAA100826C42 /* Info.plist */ = {isa = PBXFileReference; lastKnownFileType = text.plist.xml; path = Info.plist; sourceTree = "<group>"; };
		D12B26E41CB2BAA100826C42 /* HNCalendarViewUITests.xctest */ = {isa = PBXFileReference; explicitFileType = wrapper.cfbundle; includeInIndex = 0; path = HNCalendarViewUITests.xctest; sourceTree = BUILT_PRODUCTS_DIR; };
		D12B26E81CB2BAA100826C42 /* HNCalendarViewUITests.swift */ = {isa = PBXFileReference; lastKnownFileType = sourcecode.swift; path = HNCalendarViewUITests.swift; sourceTree = "<group>"; };
		D12B26EA1CB2BAA100826C42 /* Info.plist */ = {isa = PBXFileReference; lastKnownFileType = text.plist.xml; path = Info.plist; sourceTree = "<group>"; };
		D135C1C11CBD400A0099103F /* HNDateItemView.swift */ = {isa = PBXFileReference; fileEncoding = 4; lastKnownFileType = sourcecode.swift; name = HNDateItemView.swift; path = Views/HNDateItemView.swift; sourceTree = "<group>"; };
		D1477CD51CB4096200E64DDE /* HNCalendarView.swift */ = {isa = PBXFileReference; fileEncoding = 4; lastKnownFileType = sourcecode.swift; path = HNCalendarView.swift; sourceTree = "<group>"; };
		D14DCAC41D2C0257002060AB /* HNCalendarView.framework */ = {isa = PBXFileReference; explicitFileType = wrapper.framework; includeInIndex = 0; path = HNCalendarView.framework; sourceTree = BUILT_PRODUCTS_DIR; };
		D14DCAC61D2C0257002060AB /* HNCalendarView-OSX.h */ = {isa = PBXFileReference; lastKnownFileType = sourcecode.c.h; path = "HNCalendarView-OSX.h"; sourceTree = "<group>"; };
		D14DCAC81D2C0257002060AB /* Info.plist */ = {isa = PBXFileReference; lastKnownFileType = text.plist.xml; path = Info.plist; sourceTree = "<group>"; };
		D16B77DF1CB952BD002764D1 /* HNCalendar.swift */ = {isa = PBXFileReference; fileEncoding = 4; lastKnownFileType = sourcecode.swift; name = HNCalendar.swift; path = Helpers/HNCalendar.swift; sourceTree = "<group>"; };
		D1B5F7621CB6A7CD005D4C7F /* HNMonthItem.swift */ = {isa = PBXFileReference; fileEncoding = 4; lastKnownFileType = sourcecode.swift; name = HNMonthItem.swift; path = Views/HNMonthItem.swift; sourceTree = "<group>"; };
		D1B5F7651CB6A7F4005D4C7F /* HNMonthItem.xib */ = {isa = PBXFileReference; fileEncoding = 4; lastKnownFileType = file.xib; path = HNMonthItem.xib; sourceTree = "<group>"; };
/* End PBXFileReference section */

/* Begin PBXFrameworksBuildPhase section */
		D12B26C51CB2BAA000826C42 /* Frameworks */ = {
			isa = PBXFrameworksBuildPhase;
			buildActionMask = 2147483647;
			files = (
				D14DCACB1D2C0257002060AB /* HNCalendarView.framework in Frameworks */,
				48240AB7482D5D66B5AFDE0F /* Pods_HNCalendarView.framework in Frameworks */,
			);
			runOnlyForDeploymentPostprocessing = 0;
		};
		D12B26D61CB2BAA100826C42 /* Frameworks */ = {
			isa = PBXFrameworksBuildPhase;
			buildActionMask = 2147483647;
			files = (
			);
			runOnlyForDeploymentPostprocessing = 0;
		};
		D12B26E11CB2BAA100826C42 /* Frameworks */ = {
			isa = PBXFrameworksBuildPhase;
			buildActionMask = 2147483647;
			files = (
			);
			runOnlyForDeploymentPostprocessing = 0;
		};
		D14DCAC01D2C0257002060AB /* Frameworks */ = {
			isa = PBXFrameworksBuildPhase;
			buildActionMask = 2147483647;
			files = (
			);
			runOnlyForDeploymentPostprocessing = 0;
		};
/* End PBXFrameworksBuildPhase section */

/* Begin PBXGroup section */
		00E37064BF6DB676B8C76856 /* Frameworks */ = {
			isa = PBXGroup;
			children = (
				2375E6DD82C012CCF0202480 /* Pods_HNCalendarView.framework */,
			);
			name = Frameworks;
			sourceTree = "<group>";
		};
		741A4265601A386B1A2BABF9 /* Pods */ = {
			isa = PBXGroup;
			children = (
				1974C2FF49388D979486FA0F /* Pods-HNCalendarView.debug.xcconfig */,
				7DEEC5074387276D4263FC15 /* Pods-HNCalendarView.release.xcconfig */,
			);
			name = Pods;
			sourceTree = "<group>";
		};
		D12B26BF1CB2BAA000826C42 = {
			isa = PBXGroup;
			children = (
				D12B26FB1CB2C41D00826C42 /* Source */,
				D12B26CA1CB2BAA000826C42 /* HNCalendarView */,
				D12B26DC1CB2BAA100826C42 /* HNCalendarViewTests */,
				D12B26E71CB2BAA100826C42 /* HNCalendarViewUITests */,
				D14DCAC51D2C0257002060AB /* HNCalendarView-OSX */,
				D12B26C91CB2BAA000826C42 /* Products */,
				741A4265601A386B1A2BABF9 /* Pods */,
				00E37064BF6DB676B8C76856 /* Frameworks */,
			);
			sourceTree = "<group>";
		};
		D12B26C91CB2BAA000826C42 /* Products */ = {
			isa = PBXGroup;
			children = (
				D12B26C81CB2BAA000826C42 /* HNCalendarView.app */,
				D12B26D91CB2BAA100826C42 /* HNCalendarViewTests.xctest */,
				D12B26E41CB2BAA100826C42 /* HNCalendarViewUITests.xctest */,
				D14DCAC41D2C0257002060AB /* HNCalendarView.framework */,
			);
			name = Products;
			sourceTree = "<group>";
		};
		D12B26CA1CB2BAA000826C42 /* HNCalendarView */ = {
			isa = PBXGroup;
			children = (
				D12B26CB1CB2BAA000826C42 /* AppDelegate.swift */,
				D12B26CD1CB2BAA000826C42 /* ViewController.swift */,
				D12B26CF1CB2BAA100826C42 /* Assets.xcassets */,
				D12B26D11CB2BAA100826C42 /* Main.storyboard */,
				D12B26D41CB2BAA100826C42 /* Info.plist */,
			);
			path = HNCalendarView;
			sourceTree = "<group>";
		};
		D12B26DC1CB2BAA100826C42 /* HNCalendarViewTests */ = {
			isa = PBXGroup;
			children = (
				D12B26DD1CB2BAA100826C42 /* HNCalendarViewTests.swift */,
				D12B26DF1CB2BAA100826C42 /* Info.plist */,
			);
			path = HNCalendarViewTests;
			sourceTree = "<group>";
		};
		D12B26E71CB2BAA100826C42 /* HNCalendarViewUITests */ = {
			isa = PBXGroup;
			children = (
				D12B26E81CB2BAA100826C42 /* HNCalendarViewUITests.swift */,
				D12B26EA1CB2BAA100826C42 /* Info.plist */,
			);
			path = HNCalendarViewUITests;
			sourceTree = "<group>";
		};
		D12B26FB1CB2C41D00826C42 /* Source */ = {
			isa = PBXGroup;
			children = (
				D12B26FC1CB2C41D00826C42 /* Assets */,
				D12B26FD1CB2C41D00826C42 /* Classes */,
			);
			path = Source;
			sourceTree = "<group>";
		};
		D12B26FC1CB2C41D00826C42 /* Assets */ = {
			isa = PBXGroup;
			children = (
				D1268A3F1CB557850040BC4D /* HNCalendarView.xib */,
				D1B5F7651CB6A7F4005D4C7F /* HNMonthItem.xib */,
				D10E66D21CB7FBAF0098E36B /* HNWeekItem.xib */,
				D10E66D41CB7FBBB0098E36B /* HNDateItem.xib */,
			);
			path = Assets;
			sourceTree = "<group>";
		};
		D12B26FD1CB2C41D00826C42 /* Classes */ = {
			isa = PBXGroup;
			children = (
				D16B77DE1CB952A6002764D1 /* Helpers */,
				D1B5F7641CB6A7D0005D4C7F /* Views */,
				D1477CD51CB4096200E64DDE /* HNCalendarView.swift */,
			);
			path = Classes;
			sourceTree = "<group>";
		};
		D14DCAC51D2C0257002060AB /* HNCalendarView-OSX */ = {
			isa = PBXGroup;
			children = (
				D14DCAC61D2C0257002060AB /* HNCalendarView-OSX.h */,
				D14DCAC81D2C0257002060AB /* Info.plist */,
			);
			path = "HNCalendarView-OSX";
			sourceTree = "<group>";
		};
		D16B77DE1CB952A6002764D1 /* Helpers */ = {
			isa = PBXGroup;
			children = (
				D16B77DF1CB952BD002764D1 /* HNCalendar.swift */,
			);
			name = Helpers;
			sourceTree = "<group>";
		};
		D1B5F7641CB6A7D0005D4C7F /* Views */ = {
			isa = PBXGroup;
			children = (
				D1B5F7621CB6A7CD005D4C7F /* HNMonthItem.swift */,
				D10E66CE1CB7FB8D0098E36B /* HNWeekItem.swift */,
				D10E66D01CB7FB9B0098E36B /* HNDateItem.swift */,
				D135C1C11CBD400A0099103F /* HNDateItemView.swift */,
			);
			name = Views;
			sourceTree = "<group>";
		};
/* End PBXGroup section */

/* Begin PBXHeadersBuildPhase section */
		D14DCAC11D2C0257002060AB /* Headers */ = {
			isa = PBXHeadersBuildPhase;
			buildActionMask = 2147483647;
			files = (
				D14DCAC71D2C0257002060AB /* HNCalendarView-OSX.h in Headers */,
			);
			runOnlyForDeploymentPostprocessing = 0;
		};
/* End PBXHeadersBuildPhase section */

/* Begin PBXNativeTarget section */
		D12B26C71CB2BAA000826C42 /* HNCalendarView */ = {
			isa = PBXNativeTarget;
			buildConfigurationList = D12B26ED1CB2BAA100826C42 /* Build configuration list for PBXNativeTarget "HNCalendarView" */;
			buildPhases = (
				F66A75B41B624FE66AA041C4 /* Check Pods Manifest.lock */,
				D12B26C41CB2BAA000826C42 /* Sources */,
				D12B26C51CB2BAA000826C42 /* Frameworks */,
				D12B26C61CB2BAA000826C42 /* Resources */,
				BCB75509C80E16CED503AC83 /* Embed Pods Frameworks */,
				83C702192D59255B42219B45 /* Copy Pods Resources */,
				D14DCAD01D2C0257002060AB /* Embed Frameworks */,
			);
			buildRules = (
			);
			dependencies = (
				D14DCACA1D2C0257002060AB /* PBXTargetDependency */,
			);
			name = HNCalendarView;
			productName = HNCalendarView;
			productReference = D12B26C81CB2BAA000826C42 /* HNCalendarView.app */;
			productType = "com.apple.product-type.application";
		};
		D12B26D81CB2BAA100826C42 /* HNCalendarViewTests */ = {
			isa = PBXNativeTarget;
			buildConfigurationList = D12B26F01CB2BAA100826C42 /* Build configuration list for PBXNativeTarget "HNCalendarViewTests" */;
			buildPhases = (
				D12B26D51CB2BAA100826C42 /* Sources */,
				D12B26D61CB2BAA100826C42 /* Frameworks */,
				D12B26D71CB2BAA100826C42 /* Resources */,
			);
			buildRules = (
			);
			dependencies = (
				D12B26DB1CB2BAA100826C42 /* PBXTargetDependency */,
			);
			name = HNCalendarViewTests;
			productName = HNCalendarViewTests;
			productReference = D12B26D91CB2BAA100826C42 /* HNCalendarViewTests.xctest */;
			productType = "com.apple.product-type.bundle.unit-test";
		};
		D12B26E31CB2BAA100826C42 /* HNCalendarViewUITests */ = {
			isa = PBXNativeTarget;
			buildConfigurationList = D12B26F31CB2BAA100826C42 /* Build configuration list for PBXNativeTarget "HNCalendarViewUITests" */;
			buildPhases = (
				D12B26E01CB2BAA100826C42 /* Sources */,
				D12B26E11CB2BAA100826C42 /* Frameworks */,
				D12B26E21CB2BAA100826C42 /* Resources */,
			);
			buildRules = (
			);
			dependencies = (
				D12B26E61CB2BAA100826C42 /* PBXTargetDependency */,
			);
			name = HNCalendarViewUITests;
			productName = HNCalendarViewUITests;
			productReference = D12B26E41CB2BAA100826C42 /* HNCalendarViewUITests.xctest */;
			productType = "com.apple.product-type.bundle.ui-testing";
		};
		D14DCAC31D2C0257002060AB /* HNCalendarView-OSX */ = {
			isa = PBXNativeTarget;
			buildConfigurationList = D14DCACF1D2C0257002060AB /* Build configuration list for PBXNativeTarget "HNCalendarView-OSX" */;
			buildPhases = (
				D14DCABF1D2C0257002060AB /* Sources */,
				D14DCAC01D2C0257002060AB /* Frameworks */,
				D14DCAC11D2C0257002060AB /* Headers */,
				D14DCAC21D2C0257002060AB /* Resources */,
			);
			buildRules = (
			);
			dependencies = (
			);
			name = "HNCalendarView-OSX";
			productName = "HNCalendarView-OSX";
			productReference = D14DCAC41D2C0257002060AB /* HNCalendarView.framework */;
			productType = "com.apple.product-type.framework";
		};
/* End PBXNativeTarget section */

/* Begin PBXProject section */
		D12B26C01CB2BAA000826C42 /* Project object */ = {
			isa = PBXProject;
			attributes = {
				LastSwiftUpdateCheck = 0730;
				LastUpgradeCheck = 0730;
				ORGANIZATIONNAME = "STAY REAL LIMITED";
				TargetAttributes = {
					D12B26C71CB2BAA000826C42 = {
						CreatedOnToolsVersion = 7.3;
					};
					D12B26D81CB2BAA100826C42 = {
						CreatedOnToolsVersion = 7.3;
						TestTargetID = D12B26C71CB2BAA000826C42;
					};
					D12B26E31CB2BAA100826C42 = {
						CreatedOnToolsVersion = 7.3;
						TestTargetID = D12B26C71CB2BAA000826C42;
					};
					D14DCAC31D2C0257002060AB = {
						CreatedOnToolsVersion = 7.3.1;
					};
				};
			};
			buildConfigurationList = D12B26C31CB2BAA000826C42 /* Build configuration list for PBXProject "HNCalendarView" */;
			compatibilityVersion = "Xcode 3.2";
			developmentRegion = English;
			hasScannedForEncodings = 0;
			knownRegions = (
				en,
				Base,
			);
			mainGroup = D12B26BF1CB2BAA000826C42;
			productRefGroup = D12B26C91CB2BAA000826C42 /* Products */;
			projectDirPath = "";
			projectRoot = "";
			targets = (
				D12B26C71CB2BAA000826C42 /* HNCalendarView */,
				D12B26D81CB2BAA100826C42 /* HNCalendarViewTests */,
				D12B26E31CB2BAA100826C42 /* HNCalendarViewUITests */,
				D14DCAC31D2C0257002060AB /* HNCalendarView-OSX */,
			);
		};
/* End PBXProject section */

/* Begin PBXResourcesBuildPhase section */
		D12B26C61CB2BAA000826C42 /* Resources */ = {
			isa = PBXResourcesBuildPhase;
			buildActionMask = 2147483647;
			files = (
				D12B26D01CB2BAA100826C42 /* Assets.xcassets in Resources */,
				D12B26D31CB2BAA100826C42 /* Main.storyboard in Resources */,
				D1268A401CB557850040BC4D /* HNCalendarView.xib in Resources */,
				D1B5F7661CB6A7F4005D4C7F /* HNMonthItem.xib in Resources */,
				D10E66D51CB7FBBB0098E36B /* HNDateItem.xib in Resources */,
				D10E66D31CB7FBAF0098E36B /* HNWeekItem.xib in Resources */,
			);
			runOnlyForDeploymentPostprocessing = 0;
		};
		D12B26D71CB2BAA100826C42 /* Resources */ = {
			isa = PBXResourcesBuildPhase;
			buildActionMask = 2147483647;
			files = (
			);
			runOnlyForDeploymentPostprocessing = 0;
		};
		D12B26E21CB2BAA100826C42 /* Resources */ = {
			isa = PBXResourcesBuildPhase;
			buildActionMask = 2147483647;
			files = (
			);
			runOnlyForDeploymentPostprocessing = 0;
		};
		D14DCAC21D2C0257002060AB /* Resources */ = {
			isa = PBXResourcesBuildPhase;
			buildActionMask = 2147483647;
			files = (
			);
			runOnlyForDeploymentPostprocessing = 0;
		};
/* End PBXResourcesBuildPhase section */

/* Begin PBXShellScriptBuildPhase section */
		83C702192D59255B42219B45 /* Copy Pods Resources */ = {
			isa = PBXShellScriptBuildPhase;
			buildActionMask = 2147483647;
			files = (
			);
			inputPaths = (
			);
			name = "Copy Pods Resources";
			outputPaths = (
			);
			runOnlyForDeploymentPostprocessing = 0;
			shellPath = /bin/sh;
			shellScript = "\"${SRCROOT}/Pods/Target Support Files/Pods-HNCalendarView/Pods-HNCalendarView-resources.sh\"\n";
			showEnvVarsInLog = 0;
		};
		BCB75509C80E16CED503AC83 /* Embed Pods Frameworks */ = {
			isa = PBXShellScriptBuildPhase;
			buildActionMask = 2147483647;
			files = (
			);
			inputPaths = (
			);
			name = "Embed Pods Frameworks";
			outputPaths = (
			);
			runOnlyForDeploymentPostprocessing = 0;
			shellPath = /bin/sh;
			shellScript = "\"${SRCROOT}/Pods/Target Support Files/Pods-HNCalendarView/Pods-HNCalendarView-frameworks.sh\"\n";
			showEnvVarsInLog = 0;
		};
		F66A75B41B624FE66AA041C4 /* Check Pods Manifest.lock */ = {
			isa = PBXShellScriptBuildPhase;
			buildActionMask = 2147483647;
			files = (
			);
			inputPaths = (
			);
			name = "Check Pods Manifest.lock";
			outputPaths = (
			);
			runOnlyForDeploymentPostprocessing = 0;
			shellPath = /bin/sh;
			shellScript = "diff \"${PODS_ROOT}/../Podfile.lock\" \"${PODS_ROOT}/Manifest.lock\" > /dev/null\nif [[ $? != 0 ]] ; then\n    cat << EOM\nerror: The sandbox is not in sync with the Podfile.lock. Run 'pod install' or update your CocoaPods installation.\nEOM\n    exit 1\nfi\n";
			showEnvVarsInLog = 0;
		};
/* End PBXShellScriptBuildPhase section */

/* Begin PBXSourcesBuildPhase section */
		D12B26C41CB2BAA000826C42 /* Sources */ = {
			isa = PBXSourcesBuildPhase;
			buildActionMask = 2147483647;
			files = (
				D10E66D11CB7FB9B0098E36B /* HNDateItem.swift in Sources */,
				D1477CD61CB4096200E64DDE /* HNCalendarView.swift in Sources */,
				D12B26CE1CB2BAA000826C42 /* ViewController.swift in Sources */,
				D12B26CC1CB2BAA000826C42 /* AppDelegate.swift in Sources */,
				D1B5F7631CB6A7CD005D4C7F /* HNMonthItem.swift in Sources */,
				D135C1C21CBD400B0099103F /* HNDateItemView.swift in Sources */,
				D10E66CF1CB7FB8D0098E36B /* HNWeekItem.swift in Sources */,
				D16B77E01CB952BD002764D1 /* HNCalendar.swift in Sources */,
			);
			runOnlyForDeploymentPostprocessing = 0;
		};
		D12B26D51CB2BAA100826C42 /* Sources */ = {
			isa = PBXSourcesBuildPhase;
			buildActionMask = 2147483647;
			files = (
				D12B26DE1CB2BAA100826C42 /* HNCalendarViewTests.swift in Sources */,
			);
			runOnlyForDeploymentPostprocessing = 0;
		};
		D12B26E01CB2BAA100826C42 /* Sources */ = {
			isa = PBXSourcesBuildPhase;
			buildActionMask = 2147483647;
			files = (
				D12B26E91CB2BAA100826C42 /* HNCalendarViewUITests.swift in Sources */,
			);
			runOnlyForDeploymentPostprocessing = 0;
		};
		D14DCABF1D2C0257002060AB /* Sources */ = {
			isa = PBXSourcesBuildPhase;
			buildActionMask = 2147483647;
			files = (
			);
			runOnlyForDeploymentPostprocessing = 0;
		};
/* End PBXSourcesBuildPhase section */

/* Begin PBXTargetDependency section */
		D12B26DB1CB2BAA100826C42 /* PBXTargetDependency */ = {
			isa = PBXTargetDependency;
			target = D12B26C71CB2BAA000826C42 /* HNCalendarView */;
			targetProxy = D12B26DA1CB2BAA100826C42 /* PBXContainerItemProxy */;
		};
		D12B26E61CB2BAA100826C42 /* PBXTargetDependency */ = {
			isa = PBXTargetDependency;
			target = D12B26C71CB2BAA000826C42 /* HNCalendarView */;
			targetProxy = D12B26E51CB2BAA100826C42 /* PBXContainerItemProxy */;
		};
		D14DCACA1D2C0257002060AB /* PBXTargetDependency */ = {
			isa = PBXTargetDependency;
			target = D14DCAC31D2C0257002060AB /* HNCalendarView-OSX */;
			targetProxy = D14DCAC91D2C0257002060AB /* PBXContainerItemProxy */;
		};
/* End PBXTargetDependency section */

/* Begin PBXVariantGroup section */
		D12B26D11CB2BAA100826C42 /* Main.storyboard */ = {
			isa = PBXVariantGroup;
			children = (
				D12B26D21CB2BAA100826C42 /* Base */,
			);
			name = Main.storyboard;
			sourceTree = "<group>";
		};
/* End PBXVariantGroup section */

/* Begin XCBuildConfiguration section */
		D12B26EB1CB2BAA100826C42 /* Debug */ = {
			isa = XCBuildConfiguration;
			buildSettings = {
				ALWAYS_SEARCH_USER_PATHS = NO;
				CLANG_ANALYZER_NONNULL = YES;
				CLANG_CXX_LANGUAGE_STANDARD = "gnu++0x";
				CLANG_CXX_LIBRARY = "libc++";
				CLANG_ENABLE_MODULES = YES;
				CLANG_ENABLE_OBJC_ARC = YES;
				CLANG_WARN_BOOL_CONVERSION = YES;
				CLANG_WARN_CONSTANT_CONVERSION = YES;
				CLANG_WARN_DIRECT_OBJC_ISA_USAGE = YES_ERROR;
				CLANG_WARN_EMPTY_BODY = YES;
				CLANG_WARN_ENUM_CONVERSION = YES;
				CLANG_WARN_INT_CONVERSION = YES;
				CLANG_WARN_OBJC_ROOT_CLASS = YES_ERROR;
				CLANG_WARN_UNREACHABLE_CODE = YES;
				CLANG_WARN__DUPLICATE_METHOD_MATCH = YES;
				CODE_SIGN_IDENTITY = "-";
				COPY_PHASE_STRIP = NO;
				DEBUG_INFORMATION_FORMAT = dwarf;
				ENABLE_STRICT_OBJC_MSGSEND = YES;
				ENABLE_TESTABILITY = YES;
				GCC_C_LANGUAGE_STANDARD = gnu99;
				GCC_DYNAMIC_NO_PIC = NO;
				GCC_NO_COMMON_BLOCKS = YES;
				GCC_OPTIMIZATION_LEVEL = 0;
				GCC_PREPROCESSOR_DEFINITIONS = (
					"DEBUG=1",
					"$(inherited)",
				);
				GCC_WARN_64_TO_32_BIT_CONVERSION = YES;
				GCC_WARN_ABOUT_RETURN_TYPE = YES_ERROR;
				GCC_WARN_UNDECLARED_SELECTOR = YES;
				GCC_WARN_UNINITIALIZED_AUTOS = YES_AGGRESSIVE;
				GCC_WARN_UNUSED_FUNCTION = YES;
				GCC_WARN_UNUSED_VARIABLE = YES;
				MACOSX_DEPLOYMENT_TARGET = 10.11;
				MTL_ENABLE_DEBUG_INFO = YES;
				ONLY_ACTIVE_ARCH = YES;
				SDKROOT = macosx;
				SWIFT_OPTIMIZATION_LEVEL = "-Onone";
			};
			name = Debug;
		};
		D12B26EC1CB2BAA100826C42 /* Release */ = {
			isa = XCBuildConfiguration;
			buildSettings = {
				ALWAYS_SEARCH_USER_PATHS = NO;
				CLANG_ANALYZER_NONNULL = YES;
				CLANG_CXX_LANGUAGE_STANDARD = "gnu++0x";
				CLANG_CXX_LIBRARY = "libc++";
				CLANG_ENABLE_MODULES = YES;
				CLANG_ENABLE_OBJC_ARC = YES;
				CLANG_WARN_BOOL_CONVERSION = YES;
				CLANG_WARN_CONSTANT_CONVERSION = YES;
				CLANG_WARN_DIRECT_OBJC_ISA_USAGE = YES_ERROR;
				CLANG_WARN_EMPTY_BODY = YES;
				CLANG_WARN_ENUM_CONVERSION = YES;
				CLANG_WARN_INT_CONVERSION = YES;
				CLANG_WARN_OBJC_ROOT_CLASS = YES_ERROR;
				CLANG_WARN_UNREACHABLE_CODE = YES;
				CLANG_WARN__DUPLICATE_METHOD_MATCH = YES;
				CODE_SIGN_IDENTITY = "-";
				COPY_PHASE_STRIP = NO;
				DEBUG_INFORMATION_FORMAT = "dwarf-with-dsym";
				ENABLE_NS_ASSERTIONS = NO;
				ENABLE_STRICT_OBJC_MSGSEND = YES;
				GCC_C_LANGUAGE_STANDARD = gnu99;
				GCC_NO_COMMON_BLOCKS = YES;
				GCC_WARN_64_TO_32_BIT_CONVERSION = YES;
				GCC_WARN_ABOUT_RETURN_TYPE = YES_ERROR;
				GCC_WARN_UNDECLARED_SELECTOR = YES;
				GCC_WARN_UNINITIALIZED_AUTOS = YES_AGGRESSIVE;
				GCC_WARN_UNUSED_FUNCTION = YES;
				GCC_WARN_UNUSED_VARIABLE = YES;
				MACOSX_DEPLOYMENT_TARGET = 10.11;
				MTL_ENABLE_DEBUG_INFO = NO;
				SDKROOT = macosx;
			};
			name = Release;
		};
		D12B26EE1CB2BAA100826C42 /* Debug */ = {
			isa = XCBuildConfiguration;
			baseConfigurationReference = 1974C2FF49388D979486FA0F /* Pods-HNCalendarView.debug.xcconfig */;
			buildSettings = {
				ASSETCATALOG_COMPILER_APPICON_NAME = AppIcon;
				COMBINE_HIDPI_IMAGES = YES;
				INFOPLIST_FILE = HNCalendarView/Info.plist;
				LD_RUNPATH_SEARCH_PATHS = "$(inherited) @executable_path/../Frameworks";
				PRODUCT_BUNDLE_IDENTIFIER = com.stayrealhk.HNCalendarView;
				PRODUCT_NAME = "$(TARGET_NAME)";
			};
			name = Debug;
		};
		D12B26EF1CB2BAA100826C42 /* Release */ = {
			isa = XCBuildConfiguration;
			baseConfigurationReference = 7DEEC5074387276D4263FC15 /* Pods-HNCalendarView.release.xcconfig */;
			buildSettings = {
				ASSETCATALOG_COMPILER_APPICON_NAME = AppIcon;
				COMBINE_HIDPI_IMAGES = YES;
				INFOPLIST_FILE = HNCalendarView/Info.plist;
				LD_RUNPATH_SEARCH_PATHS = "$(inherited) @executable_path/../Frameworks";
				PRODUCT_BUNDLE_IDENTIFIER = com.stayrealhk.HNCalendarView;
				PRODUCT_NAME = "$(TARGET_NAME)";
			};
			name = Release;
		};
		D12B26F11CB2BAA100826C42 /* Debug */ = {
			isa = XCBuildConfiguration;
			buildSettings = {
				BUNDLE_LOADER = "$(TEST_HOST)";
				COMBINE_HIDPI_IMAGES = YES;
				INFOPLIST_FILE = HNCalendarViewTests/Info.plist;
				LD_RUNPATH_SEARCH_PATHS = "$(inherited) @executable_path/../Frameworks @loader_path/../Frameworks";
				PRODUCT_BUNDLE_IDENTIFIER = com.stayrealhk.HNCalendarViewTests;
				PRODUCT_NAME = "$(TARGET_NAME)";
				TEST_HOST = "$(BUILT_PRODUCTS_DIR)/HNCalendarView.app/Contents/MacOS/HNCalendarView";
			};
			name = Debug;
		};
		D12B26F21CB2BAA100826C42 /* Release */ = {
			isa = XCBuildConfiguration;
			buildSettings = {
				BUNDLE_LOADER = "$(TEST_HOST)";
				COMBINE_HIDPI_IMAGES = YES;
				INFOPLIST_FILE = HNCalendarViewTests/Info.plist;
				LD_RUNPATH_SEARCH_PATHS = "$(inherited) @executable_path/../Frameworks @loader_path/../Frameworks";
				PRODUCT_BUNDLE_IDENTIFIER = com.stayrealhk.HNCalendarViewTests;
				PRODUCT_NAME = "$(TARGET_NAME)";
				TEST_HOST = "$(BUILT_PRODUCTS_DIR)/HNCalendarView.app/Contents/MacOS/HNCalendarView";
			};
			name = Release;
		};
		D12B26F41CB2BAA100826C42 /* Debug */ = {
			isa = XCBuildConfiguration;
			buildSettings = {
				COMBINE_HIDPI_IMAGES = YES;
				INFOPLIST_FILE = HNCalendarViewUITests/Info.plist;
				LD_RUNPATH_SEARCH_PATHS = "$(inherited) @executable_path/../Frameworks @loader_path/../Frameworks";
				PRODUCT_BUNDLE_IDENTIFIER = com.stayrealhk.HNCalendarViewUITests;
				PRODUCT_NAME = "$(TARGET_NAME)";
				TEST_TARGET_NAME = HNCalendarView;
			};
			name = Debug;
		};
		D12B26F51CB2BAA100826C42 /* Release */ = {
			isa = XCBuildConfiguration;
			buildSettings = {
				COMBINE_HIDPI_IMAGES = YES;
				INFOPLIST_FILE = HNCalendarViewUITests/Info.plist;
				LD_RUNPATH_SEARCH_PATHS = "$(inherited) @executable_path/../Frameworks @loader_path/../Frameworks";
				PRODUCT_BUNDLE_IDENTIFIER = com.stayrealhk.HNCalendarViewUITests;
				PRODUCT_NAME = "$(TARGET_NAME)";
				TEST_TARGET_NAME = HNCalendarView;
			};
			name = Release;
		};
		D14DCACD1D2C0257002060AB /* Debug */ = {
			isa = XCBuildConfiguration;
			buildSettings = {
				COMBINE_HIDPI_IMAGES = YES;
				CURRENT_PROJECT_VERSION = 1;
				DEFINES_MODULE = YES;
				DYLIB_COMPATIBILITY_VERSION = 1;
				DYLIB_CURRENT_VERSION = 1;
				DYLIB_INSTALL_NAME_BASE = "@rpath";
				FRAMEWORK_VERSION = A;
				INFOPLIST_FILE = "HNCalendarView-OSX/Info.plist";
				INSTALL_PATH = "$(LOCAL_LIBRARY_DIR)/Frameworks";
				LD_RUNPATH_SEARCH_PATHS = "$(inherited) @executable_path/../Frameworks @loader_path/Frameworks";
				PRODUCT_BUNDLE_IDENTIFIER = com.stayrealhk.HNCalendarView;
				PRODUCT_NAME = HNCalendarView;
				SKIP_INSTALL = YES;
				VERSIONING_SYSTEM = "apple-generic";
				VERSION_INFO_PREFIX = "";
			};
			name = Debug;
		};
		D14DCACE1D2C0257002060AB /* Release */ = {
			isa = XCBuildConfiguration;
			buildSettings = {
				COMBINE_HIDPI_IMAGES = YES;
				CURRENT_PROJECT_VERSION = 1;
				DEFINES_MODULE = YES;
				DYLIB_COMPATIBILITY_VERSION = 1;
				DYLIB_CURRENT_VERSION = 1;
				DYLIB_INSTALL_NAME_BASE = "@rpath";
				FRAMEWORK_VERSION = A;
				INFOPLIST_FILE = "HNCalendarView-OSX/Info.plist";
				INSTALL_PATH = "$(LOCAL_LIBRARY_DIR)/Frameworks";
				LD_RUNPATH_SEARCH_PATHS = "$(inherited) @executable_path/../Frameworks @loader_path/Frameworks";
				PRODUCT_BUNDLE_IDENTIFIER = com.stayrealhk.HNCalendarView;
				PRODUCT_NAME = HNCalendarView;
				SKIP_INSTALL = YES;
				VERSIONING_SYSTEM = "apple-generic";
				VERSION_INFO_PREFIX = "";
			};
			name = Release;
		};
/* End XCBuildConfiguration section */

/* Begin XCConfigurationList section */
		D12B26C31CB2BAA000826C42 /* Build configuration list for PBXProject "HNCalendarView" */ = {
			isa = XCConfigurationList;
			buildConfigurations = (
				D12B26EB1CB2BAA100826C42 /* Debug */,
				D12B26EC1CB2BAA100826C42 /* Release */,
			);
			defaultConfigurationIsVisible = 0;
			defaultConfigurationName = Release;
		};
		D12B26ED1CB2BAA100826C42 /* Build configuration list for PBXNativeTarget "HNCalendarView" */ = {
			isa = XCConfigurationList;
			buildConfigurations = (
				D12B26EE1CB2BAA100826C42 /* Debug */,
				D12B26EF1CB2BAA100826C42 /* Release */,
			);
			defaultConfigurationIsVisible = 0;
			defaultConfigurationName = Release;
		};
		D12B26F01CB2BAA100826C42 /* Build configuration list for PBXNativeTarget "HNCalendarViewTests" */ = {
			isa = XCConfigurationList;
			buildConfigurations = (
				D12B26F11CB2BAA100826C42 /* Debug */,
				D12B26F21CB2BAA100826C42 /* Release */,
			);
			defaultConfigurationIsVisible = 0;
			defaultConfigurationName = Release;
		};
		D12B26F31CB2BAA100826C42 /* Build configuration list for PBXNativeTarget "HNCalendarViewUITests" */ = {
			isa = XCConfigurationList;
			buildConfigurations = (
				D12B26F41CB2BAA100826C42 /* Debug */,
				D12B26F51CB2BAA100826C42 /* Release */,
			);
			defaultConfigurationIsVisible = 0;
			defaultConfigurationName = Release;
		};
		D14DCACF1D2C0257002060AB /* Build configuration list for PBXNativeTarget "HNCalendarView-OSX" */ = {
			isa = XCConfigurationList;
			buildConfigurations = (
				D14DCACD1D2C0257002060AB /* Debug */,
				D14DCACE1D2C0257002060AB /* Release */,
			);
			defaultConfigurationIsVisible = 0;
		};
/* End XCConfigurationList section */
	};
	rootObject = D12B26C01CB2BAA000826C42 /* Project object */;
}
